
Microsoft Visual Studio Solution File, Format Version 12.00
# Visual Studio Version 17
VisualStudioVersion = 17.6.33815.320
MinimumVisualStudioVersion = 10.0.40219.1
Project("{FAE04EC0-301F-11D3-BF4B-00C04F79EFBC}") = "Phase3HTMLForms", "Phase3HTMLForms\Phase3HTMLForms.csproj", "{EEB4EBA5-0809-44EA-8DC7-903667767F25}"
EndProject
Global
	GlobalSection(SolutionConfigurationPlatforms) = preSolution
		Debug|Any CPU = Debug|Any CPU
		Release|Any CPU = Release|Any CPU
	EndGlobalSection
	GlobalSection(ProjectConfigurationPlatforms) = postSolution
		{EEB4EBA5-0809-44EA-8DC7-903667767F25}.Debug|Any CPU.ActiveCfg = Debug|Any CPU
		{EEB4EBA5-0809-44EA-8DC7-903667767F25}.Debug|Any CPU.Build.0 = Debug|Any CPU
		{EEB4EBA5-0809-44EA-8DC7-903667767F25}.Release|Any CPU.ActiveCfg = Release|Any CPU
		{EEB4EBA5-0809-44EA-8DC7-903667767F25}.Release|Any CPU.Build.0 = Release|Any CPU
	EndGlobalSection
	GlobalSection(SolutionProperties) = preSolution
		HideSolutionNode = FALSE
	EndGlobalSection
	GlobalSection(ExtensibilityGlobals) = postSolution
		SolutionGuid = {261EF3AD-3050-47A9-9122-F6A1830C0014}
	EndGlobalSection
EndGlobal
